{
    "_readme": [
        "This file locks the dependencies of your project to a known state",
        "Read more about it at http://getcomposer.org/doc/01-basic-usage.md#composer-lock-the-lock-file",
        "This file is @generated automatically"
    ],
    "hash": "3f56f50d38ba32aa3f8eb4bcff4c62aa",
    "packages": [
        {
            "name": "phpixie/http",
            "version": "dev-master",
            "source": {
                "type": "git",
                "url": "https://github.com/PHPixie/HTTP.git",
                "reference": "5cd4db4d4e92df79f5670913f728fe49563500dd"
            },
            "dist": {
                "type": "zip",
                "url": "https://api.github.com/repos/PHPixie/HTTP/zipball/5cd4db4d4e92df79f5670913f728fe49563500dd",
                "reference": "5cd4db4d4e92df79f5670913f728fe49563500dd",
                "shasum": ""
            },
            "require": {
                "phpixie/slice": "3.*@dev",
                "psr/http-message": "1.0.*@dev"
            },
            "require-dev": {
                "phpixie/test": "3.*@dev"
            },
            "type": "library",
            "extra": {
                "branch-alias": {
                    "dev-master": "3.x-dev"
                }
            },
            "autoload": {
                "psr-4": {
                    "PHPixie\\": "src/PHPixie",
                    "PHPixie\\Tests\\": "tests/PHPixie/Tests"
                }
            },
            "notification-url": "https://packagist.org/downloads/",
            "license": [
                "BSD"
            ],
            "authors": [
                {
                    "name": "Roman Tsiupa",
                    "email": "draconyster@gmail.com",
                    "homepage": "http://dracony.org"
                }
            ],
            "description": "HTTP library for PHPixie, implements the PSR-7 standard",
            "homepage": "http://phpixie.com",
            "keywords": [
                "http",
                "psr-7"
            ],
            "time": "2015-05-30 13:03:15"
        },
        {
            "name": "phpixie/slice",
            "version": "dev-master",
            "source": {
                "type": "git",
                "url": "https://github.com/PHPixie/Slice.git",
                "reference": "ab9d4b4eaac1f948ebb93a71849dbfe44cbea1f6"
            },
            "dist": {
                "type": "zip",
                "url": "https://api.github.com/repos/PHPixie/Slice/zipball/ab9d4b4eaac1f948ebb93a71849dbfe44cbea1f6",
                "reference": "ab9d4b4eaac1f948ebb93a71849dbfe44cbea1f6",
                "shasum": ""
            },
            "require-dev": {
                "phpixie/test": "3.*@dev"
            },
            "type": "library",
            "extra": {
                "branch-alias": {
                    "dev-master": "3.x-dev"
                }
            },
            "autoload": {
                "psr-4": {
                    "PHPixie\\": "src/PHPixie",
                    "PHPixie\\Tests\\": "tests/PHPixie/Tests"
                }
            },
            "notification-url": "https://packagist.org/downloads/",
            "license": [
                "BSD"
            ],
            "authors": [
                {
                    "name": "Roman Tsiupa",
                    "email": "draconyster@gmail.com",
                    "homepage": "http://dracony.org"
                }
            ],
            "description": "Slice library for PHPixie",
            "homepage": "http://phpixie.com",
            "keywords": [
                "array",
                "data",
                "parameters"
            ],
            "time": "2015-04-19 00:49:02"
        },
        {
            "name": "psr/http-message",
            "version": "dev-master",
            "source": {
                "type": "git",
                "url": "https://github.com/php-fig/http-message.git",
                "reference": "85d63699f0dbedb190bbd4b0d2b9dc707ea4c298"
            },
            "dist": {
                "type": "zip",
                "url": "https://api.github.com/repos/php-fig/http-message/zipball/85d63699f0dbedb190bbd4b0d2b9dc707ea4c298",
                "reference": "85d63699f0dbedb190bbd4b0d2b9dc707ea4c298",
                "shasum": ""
            },
            "require": {
                "php": ">=5.3.0"
            },
            "type": "library",
            "extra": {
                "branch-alias": {
                    "dev-master": "1.0.x-dev"
                }
            },
            "autoload": {
                "psr-4": {
                    "Psr\\Http\\Message\\": "src/"
                }
            },
            "notification-url": "https://packagist.org/downloads/",
            "license": [
                "MIT"
            ],
            "authors": [
                {
                    "name": "PHP-FIG",
                    "homepage": "http://www.php-fig.org/"
                }
            ],
            "description": "Common interface for HTTP messages",
            "keywords": [
                "http",
                "http-message",
                "psr",
                "psr-7",
                "request",
                "response"
            ],
            "time": "2015-05-04 20:22:00"
        }
    ],
    "packages-dev": [
        {
            "name": "phpixie/test",
            "version": "dev-master",
            "source": {
                "type": "git",
                "url": "https://github.com/PHPixie/Test.git",
                "reference": "9663d651392185ace889fef15e7809a7bd302348"
            },
            "dist": {
                "type": "zip",
                "url": "https://api.github.com/repos/PHPixie/Test/zipball/9663d651392185ace889fef15e7809a7bd302348",
                "reference": "9663d651392185ace889fef15e7809a7bd302348",
                "shasum": ""
            },
            "type": "library",
            "extra": {
                "branch-alias": {
                    "dev-master": "3.x-dev"
                }
            },
            "autoload": {
                "psr-0": {
                    "PHPixie": "src/"
                }
            },
            "notification-url": "https://packagist.org/downloads/",
            "license": [
                "BSD"
            ],
            "authors": [
                {
                    "name": "Roman Tsiupa",
                    "email": "draconyster@gmail.com",
                    "homepage": "http://dracony.org"
                }
            ],
            "description": "Testing library for PHPixie",
            "homepage": "http://phpixie.com",
            "keywords": [
                "phpunit",
                "test"
            ],
            "time": "2015-03-09 13:46:41"
        }
    ],
    "aliases": [],
    "minimum-stability": "stable",
    "stability-flags": {
        "phpixie/slice": 20,
        "phpixie/http": 20,
        "psr/http-message": 20,
        "phpixie/test": 20
    },
    "prefer-stable": false,
    "prefer-lowest": false,
    "platform": [],
    "platform-dev": []
}
